
Microsoft Visual Studio Solution File, Format Version 12.00
# Visual Studio Version 17
Project("{8BC9CEB8-8B4A-11D0-8D11-00A0C91BC942}") = "ALL_BUILD", "ALL_BUILD.vcxproj", "{994D4E2A-C8A8-3AC1-9C86-1005F23E48BC}"
	ProjectSection(ProjectDependencies) = postProject
		{EDF8A3E8-A4A2-3CA9-8781-6161BEB15E4E} = {EDF8A3E8-A4A2-3CA9-8781-6161BEB15E4E}
		{FA9E083A-90BA-385B-B646-B91FB99256C3} = {FA9E083A-90BA-385B-B646-B91FB99256C3}
		{130E76BB-73CC-35BB-A91E-56BBCD99C04F} = {130E76BB-73CC-35BB-A91E-56BBCD99C04F}
		{E282D292-8216-3097-B948-39FCC97E7F4F} = {E282D292-8216-3097-B948-39FCC97E7F4F}
	EndProjectSection
EndProject
Project("{8BC9CEB8-8B4A-11D0-8D11-00A0C91BC942}") = "INSTALL", "INSTALL.vcxproj", "{D41B8C12-5B97-32A3-B61A-08B2385EE4CF}"
	ProjectSection(ProjectDependencies) = postProject
		{994D4E2A-C8A8-3AC1-9C86-1005F23E48BC} = {994D4E2A-C8A8-3AC1-9C86-1005F23E48BC}
		{EDF8A3E8-A4A2-3CA9-8781-6161BEB15E4E} = {EDF8A3E8-A4A2-3CA9-8781-6161BEB15E4E}
	EndProjectSection
EndProject
Project("{8BC9CEB8-8B4A-11D0-8D11-00A0C91BC942}") = "ZERO_CHECK", "ZERO_CHECK.vcxproj", "{EDF8A3E8-A4A2-3CA9-8781-6161BEB15E4E}"
	ProjectSection(ProjectDependencies) = postProject
	EndProjectSection
EndProject
Project("{8BC9CEB8-8B4A-11D0-8D11-00A0C91BC942}") = "flutter_assemble", "flutter\flutter_assemble.vcxproj", "{35E9CA1B-028C-3145-AF95-5D53C95BE7B7}"
	ProjectSection(ProjectDependencies) = postProject
		{EDF8A3E8-A4A2-3CA9-8781-6161BEB15E4E} = {EDF8A3E8-A4A2-3CA9-8781-6161BEB15E4E}
	EndProjectSection
EndProject
Project("{8BC9CEB8-8B4A-11D0-8D11-00A0C91BC942}") = "flutter_wrapper_app", "flutter\flutter_wrapper_app.vcxproj", "{FA9E083A-90BA-385B-B646-B91FB99256C3}"
	ProjectSection(ProjectDependencies) = postProject
		{EDF8A3E8-A4A2-3CA9-8781-6161BEB15E4E} = {EDF8A3E8-A4A2-3CA9-8781-6161BEB15E4E}
		{35E9CA1B-028C-3145-AF95-5D53C95BE7B7} = {35E9CA1B-028C-3145-AF95-5D53C95BE7B7}
	EndProjectSection
EndProject
Project("{8BC9CEB8-8B4A-11D0-8D11-00A0C91BC942}") = "flutter_wrapper_plugin", "flutter\flutter_wrapper_plugin.vcxproj", "{130E76BB-73CC-35BB-A91E-56BBCD99C04F}"
	ProjectSection(ProjectDependencies) = postProject
		{EDF8A3E8-A4A2-3CA9-8781-6161BEB15E4E} = {EDF8A3E8-A4A2-3CA9-8781-6161BEB15E4E}
		{35E9CA1B-028C-3145-AF95-5D53C95BE7B7} = {35E9CA1B-028C-3145-AF95-5D53C95BE7B7}
	EndProjectSection
EndProject
Project("{8BC9CEB8-8B4A-11D0-8D11-00A0C91BC942}") = "rumah_sehat_mobile", "runner\rumah_sehat_mobile.vcxproj", "{E282D292-8216-3097-B948-39FCC97E7F4F}"
	ProjectSection(ProjectDependencies) = postProject
		{EDF8A3E8-A4A2-3CA9-8781-6161BEB15E4E} = {EDF8A3E8-A4A2-3CA9-8781-6161BEB15E4E}
		{35E9CA1B-028C-3145-AF95-5D53C95BE7B7} = {35E9CA1B-028C-3145-AF95-5D53C95BE7B7}
		{FA9E083A-90BA-385B-B646-B91FB99256C3} = {FA9E083A-90BA-385B-B646-B91FB99256C3}
	EndProjectSection
EndProject
Global
	GlobalSection(SolutionConfigurationPlatforms) = preSolution
		Debug|x64 = Debug|x64
		Profile|x64 = Profile|x64
		Release|x64 = Release|x64
	EndGlobalSection
	GlobalSection(ProjectConfigurationPlatforms) = postSolution
		{994D4E2A-C8A8-3AC1-9C86-1005F23E48BC}.Debug|x64.ActiveCfg = Debug|x64
		{994D4E2A-C8A8-3AC1-9C86-1005F23E48BC}.Debug|x64.Build.0 = Debug|x64
		{994D4E2A-C8A8-3AC1-9C86-1005F23E48BC}.Profile|x64.ActiveCfg = Profile|x64
		{994D4E2A-C8A8-3AC1-9C86-1005F23E48BC}.Profile|x64.Build.0 = Profile|x64
		{994D4E2A-C8A8-3AC1-9C86-1005F23E48BC}.Release|x64.ActiveCfg = Release|x64
		{994D4E2A-C8A8-3AC1-9C86-1005F23E48BC}.Release|x64.Build.0 = Release|x64
		{D41B8C12-5B97-32A3-B61A-08B2385EE4CF}.Debug|x64.ActiveCfg = Debug|x64
		{D41B8C12-5B97-32A3-B61A-08B2385EE4CF}.Debug|x64.Build.0 = Debug|x64
		{D41B8C12-5B97-32A3-B61A-08B2385EE4CF}.Profile|x64.ActiveCfg = Profile|x64
		{D41B8C12-5B97-32A3-B61A-08B2385EE4CF}.Profile|x64.Build.0 = Profile|x64
		{D41B8C12-5B97-32A3-B61A-08B2385EE4CF}.Release|x64.ActiveCfg = Release|x64
		{D41B8C12-5B97-32A3-B61A-08B2385EE4CF}.Release|x64.Build.0 = Release|x64
		{EDF8A3E8-A4A2-3CA9-8781-6161BEB15E4E}.Debug|x64.ActiveCfg = Debug|x64
		{EDF8A3E8-A4A2-3CA9-8781-6161BEB15E4E}.Debug|x64.Build.0 = Debug|x64
		{EDF8A3E8-A4A2-3CA9-8781-6161BEB15E4E}.Profile|x64.ActiveCfg = Profile|x64
		{EDF8A3E8-A4A2-3CA9-8781-6161BEB15E4E}.Profile|x64.Build.0 = Profile|x64
		{EDF8A3E8-A4A2-3CA9-8781-6161BEB15E4E}.Release|x64.ActiveCfg = Release|x64
		{EDF8A3E8-A4A2-3CA9-8781-6161BEB15E4E}.Release|x64.Build.0 = Release|x64
		{35E9CA1B-028C-3145-AF95-5D53C95BE7B7}.Debug|x64.ActiveCfg = Debug|x64
		{35E9CA1B-028C-3145-AF95-5D53C95BE7B7}.Debug|x64.Build.0 = Debug|x64
		{35E9CA1B-028C-3145-AF95-5D53C95BE7B7}.Profile|x64.ActiveCfg = Profile|x64
		{35E9CA1B-028C-3145-AF95-5D53C95BE7B7}.Profile|x64.Build.0 = Profile|x64
		{35E9CA1B-028C-3145-AF95-5D53C95BE7B7}.Release|x64.ActiveCfg = Release|x64
		{35E9CA1B-028C-3145-AF95-5D53C95BE7B7}.Release|x64.Build.0 = Release|x64
		{FA9E083A-90BA-385B-B646-B91FB99256C3}.Debug|x64.ActiveCfg = Debug|x64
		{FA9E083A-90BA-385B-B646-B91FB99256C3}.Debug|x64.Build.0 = Debug|x64
		{FA9E083A-90BA-385B-B646-B91FB99256C3}.Profile|x64.ActiveCfg = Profile|x64
		{FA9E083A-90BA-385B-B646-B91FB99256C3}.Profile|x64.Build.0 = Profile|x64
		{FA9E083A-90BA-385B-B646-B91FB99256C3}.Release|x64.ActiveCfg = Release|x64
		{FA9E083A-90BA-385B-B646-B91FB99256C3}.Release|x64.Build.0 = Release|x64
		{130E76BB-73CC-35BB-A91E-56BBCD99C04F}.Debug|x64.ActiveCfg = Debug|x64
		{130E76BB-73CC-35BB-A91E-56BBCD99C04F}.Debug|x64.Build.0 = Debug|x64
		{130E76BB-73CC-35BB-A91E-56BBCD99C04F}.Profile|x64.ActiveCfg = Profile|x64
		{130E76BB-73CC-35BB-A91E-56BBCD99C04F}.Profile|x64.Build.0 = Profile|x64
		{130E76BB-73CC-35BB-A91E-56BBCD99C04F}.Release|x64.ActiveCfg = Release|x64
		{130E76BB-73CC-35BB-A91E-56BBCD99C04F}.Release|x64.Build.0 = Release|x64
		{E282D292-8216-3097-B948-39FCC97E7F4F}.Debug|x64.ActiveCfg = Debug|x64
		{E282D292-8216-3097-B948-39FCC97E7F4F}.Debug|x64.Build.0 = Debug|x64
		{E282D292-8216-3097-B948-39FCC97E7F4F}.Profile|x64.ActiveCfg = Profile|x64
		{E282D292-8216-3097-B948-39FCC97E7F4F}.Profile|x64.Build.0 = Profile|x64
		{E282D292-8216-3097-B948-39FCC97E7F4F}.Release|x64.ActiveCfg = Release|x64
		{E282D292-8216-3097-B948-39FCC97E7F4F}.Release|x64.Build.0 = Release|x64
	EndGlobalSection
	GlobalSection(ExtensibilityGlobals) = postSolution
		SolutionGuid = {BA8E0513-CB3E-3D3F-98F2-D6A089922141}
	EndGlobalSection
	GlobalSection(ExtensibilityAddIns) = postSolution
	EndGlobalSection
EndGlobal
